
Microsoft Visual Studio Solution File, Format Version 12.00
# Visual Studio Version 16
VisualStudioVersion = 16.0.29215.179
MinimumVisualStudioVersion = 10.0.40219.1
Project("{2150E333-8FDC-42A3-9474-1A3956D46DE8}") = "SelfHost", "SelfHost", "{D8D26119-A39A-4A4B-87DA-9863C24B980C}"
EndProject
Project("{FAE04EC0-301F-11D3-BF4B-00C04F79EFBC}") = "OwinSelfhostSample", "OwinSelfhostSample\OwinSelfhostSample.csproj", "{20DD703E-F8A1-4EE5-AF0F-B706CE1C5D84}"
EndProject
Project("{2150E333-8FDC-42A3-9474-1A3956D46DE8}") = "DesignPattern", "DesignPattern", "{0A9D961F-4ED1-4D8B-B325-3FEE98CBCE92}"
EndProject
Project("{FAE04EC0-301F-11D3-BF4B-00C04F79EFBC}") = "Behavioral.Commnad", "Behavioral.Commnad\Behavioral.Commnad.csproj", "{40C8BBD6-4D46-44E0-9571-D69319347E20}"
EndProject
Project("{2150E333-8FDC-42A3-9474-1A3956D46DE8}") = "DotNetCore", "DotNetCore", "{FCC3BE01-5088-47E9-A3E2-EDC83637CA84}"
EndProject
Project("{9A19103F-16F7-4668-BE54-9A1E7A4F7556}") = "DotNetTutorial", "DotNetTutorial\DotNetTutorial.csproj", "{FD09582E-AF8E-4BB9-8443-8014D2A7CDC4}"
EndProject
Project("{2150E333-8FDC-42A3-9474-1A3956D46DE8}") = "WCF", "WCF", "{6BD1B919-343B-4811-B02E-EF306D24A33B}"
EndProject
Project("{FAE04EC0-301F-11D3-BF4B-00C04F79EFBC}") = "GettingStartedLib", "GettingStartedLib\GettingStartedLib.csproj", "{65F8133A-EC34-44E3-B31C-9829833E9565}"
EndProject
Project("{FAE04EC0-301F-11D3-BF4B-00C04F79EFBC}") = "GettingStartedHost", "GettingStartedHost\GettingStartedHost.csproj", "{7FF5EB94-1844-4F41-BCDF-138A0F9DDD01}"
EndProject
Project("{FAE04EC0-301F-11D3-BF4B-00C04F79EFBC}") = "GettingStartedClient", "GettingStartedClient\GettingStartedClient.csproj", "{0F6C4E25-6C99-4CDB-9D90-04CADFABCB16}"
EndProject
Project("{2150E333-8FDC-42A3-9474-1A3956D46DE8}") = "Basic", "Basic", "{A32F2EDE-D0B6-4396-B6D8-21C52E0EEA59}"
EndProject
Project("{2150E333-8FDC-42A3-9474-1A3956D46DE8}") = "Duplex", "Duplex", "{B48C4F30-B74C-448B-8AA2-A627AE3CD904}"
EndProject
Project("{FAE04EC0-301F-11D3-BF4B-00C04F79EFBC}") = "MessageService", "MessageService\MessageService.csproj", "{15B3E0D2-6217-493A-A690-158C497F5318}"
EndProject
Project("{FAE04EC0-301F-11D3-BF4B-00C04F79EFBC}") = "DuplexHost", "DuplexHost\DuplexHost.csproj", "{C6A725DF-6ADC-4734-94FB-7105B87D4002}"
EndProject
Project("{FAE04EC0-301F-11D3-BF4B-00C04F79EFBC}") = "MessageClient", "MessageClient\MessageClient.csproj", "{C25E5696-EECB-4FA3-9685-0D927DC047FF}"
EndProject
Project("{2150E333-8FDC-42A3-9474-1A3956D46DE8}") = "UnitTest", "UnitTest", "{F79DCE4F-FBE9-4079-B8F4-FC58164AAF9A}"
EndProject
Project("{2150E333-8FDC-42A3-9474-1A3956D46DE8}") = "TddByExample", "TddByExample", "{620AB114-193C-4A17-9B50-A799ABEA9343}"
EndProject
Project("{9A19103F-16F7-4668-BE54-9A1E7A4F7556}") = "MSTest_MoneyExampleTest", "MSTest_MoneyExampleTest\MSTest_MoneyExampleTest.csproj", "{A664CB60-723C-4E4F-9296-97B51CEE210D}"
EndProject
Project("{9A19103F-16F7-4668-BE54-9A1E7A4F7556}") = "MoneyExample", "MoneyExample\MoneyExample.csproj", "{4D678A95-6C13-4D0B-9C74-9FD313596539}"
EndProject
Project("{9A19103F-16F7-4668-BE54-9A1E7A4F7556}") = "xUnit_MoneyExampleTest", "xUnit_MoneyExampleTest\xUnit_MoneyExampleTest.csproj", "{18AABF6D-8229-4B11-AE2C-325EC8166F4E}"
EndProject
Project("{9A19103F-16F7-4668-BE54-9A1E7A4F7556}") = "nUnit_MoneyExampleTest", "nUnit_MoneyExampleTest\nUnit_MoneyExampleTest.csproj", "{55C88F71-3F1B-4AAD-BD37-AC25FE2A70E2}"
EndProject
Project("{2150E333-8FDC-42A3-9474-1A3956D46DE8}") = "SignalR", "SignalR", "{212C2FFF-FA16-4C65-88F6-D71775CACE4F}"
EndProject
Project("{9A19103F-16F7-4668-BE54-9A1E7A4F7556}") = "SignalRChat", "SignalRChat\SignalRChat.csproj", "{0709D3D6-EEAA-474D-99E3-1D24CB64FC28}"
EndProject
Project("{2150E333-8FDC-42A3-9474-1A3956D46DE8}") = "Basic", "Basic", "{A129DDBD-9CC0-4FB2-A534-EDC20359EA03}"
EndProject
Project("{9A19103F-16F7-4668-BE54-9A1E7A4F7556}") = "Threading", "Threading\Threading.csproj", "{8E0A389A-10B3-4536-82AF-6CD27B2394A0}"
EndProject
Global
	GlobalSection(SolutionConfigurationPlatforms) = preSolution
		Debug|Any CPU = Debug|Any CPU
		Release|Any CPU = Release|Any CPU
	EndGlobalSection
	GlobalSection(ProjectConfigurationPlatforms) = postSolution
		{20DD703E-F8A1-4EE5-AF0F-B706CE1C5D84}.Debug|Any CPU.ActiveCfg = Debug|Any CPU
		{20DD703E-F8A1-4EE5-AF0F-B706CE1C5D84}.Debug|Any CPU.Build.0 = Debug|Any CPU
		{20DD703E-F8A1-4EE5-AF0F-B706CE1C5D84}.Release|Any CPU.ActiveCfg = Release|Any CPU
		{20DD703E-F8A1-4EE5-AF0F-B706CE1C5D84}.Release|Any CPU.Build.0 = Release|Any CPU
		{40C8BBD6-4D46-44E0-9571-D69319347E20}.Debug|Any CPU.ActiveCfg = Debug|Any CPU
		{40C8BBD6-4D46-44E0-9571-D69319347E20}.Debug|Any CPU.Build.0 = Debug|Any CPU
		{40C8BBD6-4D46-44E0-9571-D69319347E20}.Release|Any CPU.ActiveCfg = Release|Any CPU
		{40C8BBD6-4D46-44E0-9571-D69319347E20}.Release|Any CPU.Build.0 = Release|Any CPU
		{FD09582E-AF8E-4BB9-8443-8014D2A7CDC4}.Debug|Any CPU.ActiveCfg = Debug|Any CPU
		{FD09582E-AF8E-4BB9-8443-8014D2A7CDC4}.Debug|Any CPU.Build.0 = Debug|Any CPU
		{FD09582E-AF8E-4BB9-8443-8014D2A7CDC4}.Release|Any CPU.ActiveCfg = Release|Any CPU
		{FD09582E-AF8E-4BB9-8443-8014D2A7CDC4}.Release|Any CPU.Build.0 = Release|Any CPU
		{65F8133A-EC34-44E3-B31C-9829833E9565}.Debug|Any CPU.ActiveCfg = Debug|Any CPU
		{65F8133A-EC34-44E3-B31C-9829833E9565}.Debug|Any CPU.Build.0 = Debug|Any CPU
		{65F8133A-EC34-44E3-B31C-9829833E9565}.Release|Any CPU.ActiveCfg = Release|Any CPU
		{65F8133A-EC34-44E3-B31C-9829833E9565}.Release|Any CPU.Build.0 = Release|Any CPU
		{7FF5EB94-1844-4F41-BCDF-138A0F9DDD01}.Debug|Any CPU.ActiveCfg = Debug|Any CPU
		{7FF5EB94-1844-4F41-BCDF-138A0F9DDD01}.Debug|Any CPU.Build.0 = Debug|Any CPU
		{7FF5EB94-1844-4F41-BCDF-138A0F9DDD01}.Release|Any CPU.ActiveCfg = Release|Any CPU
		{7FF5EB94-1844-4F41-BCDF-138A0F9DDD01}.Release|Any CPU.Build.0 = Release|Any CPU
		{0F6C4E25-6C99-4CDB-9D90-04CADFABCB16}.Debug|Any CPU.ActiveCfg = Debug|Any CPU
		{0F6C4E25-6C99-4CDB-9D90-04CADFABCB16}.Debug|Any CPU.Build.0 = Debug|Any CPU
		{0F6C4E25-6C99-4CDB-9D90-04CADFABCB16}.Release|Any CPU.ActiveCfg = Release|Any CPU
		{0F6C4E25-6C99-4CDB-9D90-04CADFABCB16}.Release|Any CPU.Build.0 = Release|Any CPU
		{15B3E0D2-6217-493A-A690-158C497F5318}.Debug|Any CPU.ActiveCfg = Debug|Any CPU
		{15B3E0D2-6217-493A-A690-158C497F5318}.Debug|Any CPU.Build.0 = Debug|Any CPU
		{15B3E0D2-6217-493A-A690-158C497F5318}.Release|Any CPU.ActiveCfg = Release|Any CPU
		{15B3E0D2-6217-493A-A690-158C497F5318}.Release|Any CPU.Build.0 = Release|Any CPU
		{C6A725DF-6ADC-4734-94FB-7105B87D4002}.Debug|Any CPU.ActiveCfg = Debug|Any CPU
		{C6A725DF-6ADC-4734-94FB-7105B87D4002}.Debug|Any CPU.Build.0 = Debug|Any CPU
		{C6A725DF-6ADC-4734-94FB-7105B87D4002}.Release|Any CPU.ActiveCfg = Release|Any CPU
		{C6A725DF-6ADC-4734-94FB-7105B87D4002}.Release|Any CPU.Build.0 = Release|Any CPU
		{C25E5696-EECB-4FA3-9685-0D927DC047FF}.Debug|Any CPU.ActiveCfg = Debug|Any CPU
		{C25E5696-EECB-4FA3-9685-0D927DC047FF}.Debug|Any CPU.Build.0 = Debug|Any CPU
		{C25E5696-EECB-4FA3-9685-0D927DC047FF}.Release|Any CPU.ActiveCfg = Release|Any CPU
		{C25E5696-EECB-4FA3-9685-0D927DC047FF}.Release|Any CPU.Build.0 = Release|Any CPU
		{A664CB60-723C-4E4F-9296-97B51CEE210D}.Debug|Any CPU.ActiveCfg = Debug|Any CPU
		{A664CB60-723C-4E4F-9296-97B51CEE210D}.Debug|Any CPU.Build.0 = Debug|Any CPU
		{A664CB60-723C-4E4F-9296-97B51CEE210D}.Release|Any CPU.ActiveCfg = Release|Any CPU
		{A664CB60-723C-4E4F-9296-97B51CEE210D}.Release|Any CPU.Build.0 = Release|Any CPU
		{4D678A95-6C13-4D0B-9C74-9FD313596539}.Debug|Any CPU.ActiveCfg = Debug|Any CPU
		{4D678A95-6C13-4D0B-9C74-9FD313596539}.Debug|Any CPU.Build.0 = Debug|Any CPU
		{4D678A95-6C13-4D0B-9C74-9FD313596539}.Release|Any CPU.ActiveCfg = Release|Any CPU
		{4D678A95-6C13-4D0B-9C74-9FD313596539}.Release|Any CPU.Build.0 = Release|Any CPU
		{18AABF6D-8229-4B11-AE2C-325EC8166F4E}.Debug|Any CPU.ActiveCfg = Debug|Any CPU
		{18AABF6D-8229-4B11-AE2C-325EC8166F4E}.Debug|Any CPU.Build.0 = Debug|Any CPU
		{18AABF6D-8229-4B11-AE2C-325EC8166F4E}.Release|Any CPU.ActiveCfg = Release|Any CPU
		{18AABF6D-8229-4B11-AE2C-325EC8166F4E}.Release|Any CPU.Build.0 = Release|Any CPU
		{55C88F71-3F1B-4AAD-BD37-AC25FE2A70E2}.Debug|Any CPU.ActiveCfg = Debug|Any CPU
		{55C88F71-3F1B-4AAD-BD37-AC25FE2A70E2}.Debug|Any CPU.Build.0 = Debug|Any CPU
		{55C88F71-3F1B-4AAD-BD37-AC25FE2A70E2}.Release|Any CPU.ActiveCfg = Release|Any CPU
		{55C88F71-3F1B-4AAD-BD37-AC25FE2A70E2}.Release|Any CPU.Build.0 = Release|Any CPU
		{0709D3D6-EEAA-474D-99E3-1D24CB64FC28}.Debug|Any CPU.ActiveCfg = Debug|Any CPU
		{0709D3D6-EEAA-474D-99E3-1D24CB64FC28}.Debug|Any CPU.Build.0 = Debug|Any CPU
		{0709D3D6-EEAA-474D-99E3-1D24CB64FC28}.Release|Any CPU.ActiveCfg = Release|Any CPU
		{0709D3D6-EEAA-474D-99E3-1D24CB64FC28}.Release|Any CPU.Build.0 = Release|Any CPU
		{8E0A389A-10B3-4536-82AF-6CD27B2394A0}.Debug|Any CPU.ActiveCfg = Debug|Any CPU
		{8E0A389A-10B3-4536-82AF-6CD27B2394A0}.Debug|Any CPU.Build.0 = Debug|Any CPU
		{8E0A389A-10B3-4536-82AF-6CD27B2394A0}.Release|Any CPU.ActiveCfg = Release|Any CPU
		{8E0A389A-10B3-4536-82AF-6CD27B2394A0}.Release|Any CPU.Build.0 = Release|Any CPU
	EndGlobalSection
	GlobalSection(SolutionProperties) = preSolution
		HideSolutionNode = FALSE
	EndGlobalSection
	GlobalSection(NestedProjects) = preSolution
		{20DD703E-F8A1-4EE5-AF0F-B706CE1C5D84} = {D8D26119-A39A-4A4B-87DA-9863C24B980C}
		{40C8BBD6-4D46-44E0-9571-D69319347E20} = {0A9D961F-4ED1-4D8B-B325-3FEE98CBCE92}
		{FD09582E-AF8E-4BB9-8443-8014D2A7CDC4} = {FCC3BE01-5088-47E9-A3E2-EDC83637CA84}
		{65F8133A-EC34-44E3-B31C-9829833E9565} = {A32F2EDE-D0B6-4396-B6D8-21C52E0EEA59}
		{7FF5EB94-1844-4F41-BCDF-138A0F9DDD01} = {A32F2EDE-D0B6-4396-B6D8-21C52E0EEA59}
		{0F6C4E25-6C99-4CDB-9D90-04CADFABCB16} = {A32F2EDE-D0B6-4396-B6D8-21C52E0EEA59}
		{A32F2EDE-D0B6-4396-B6D8-21C52E0EEA59} = {6BD1B919-343B-4811-B02E-EF306D24A33B}
		{B48C4F30-B74C-448B-8AA2-A627AE3CD904} = {6BD1B919-343B-4811-B02E-EF306D24A33B}
		{15B3E0D2-6217-493A-A690-158C497F5318} = {B48C4F30-B74C-448B-8AA2-A627AE3CD904}
		{C6A725DF-6ADC-4734-94FB-7105B87D4002} = {B48C4F30-B74C-448B-8AA2-A627AE3CD904}
		{C25E5696-EECB-4FA3-9685-0D927DC047FF} = {B48C4F30-B74C-448B-8AA2-A627AE3CD904}
		{620AB114-193C-4A17-9B50-A799ABEA9343} = {F79DCE4F-FBE9-4079-B8F4-FC58164AAF9A}
		{A664CB60-723C-4E4F-9296-97B51CEE210D} = {620AB114-193C-4A17-9B50-A799ABEA9343}
		{4D678A95-6C13-4D0B-9C74-9FD313596539} = {620AB114-193C-4A17-9B50-A799ABEA9343}
		{18AABF6D-8229-4B11-AE2C-325EC8166F4E} = {620AB114-193C-4A17-9B50-A799ABEA9343}
		{55C88F71-3F1B-4AAD-BD37-AC25FE2A70E2} = {620AB114-193C-4A17-9B50-A799ABEA9343}
		{0709D3D6-EEAA-474D-99E3-1D24CB64FC28} = {212C2FFF-FA16-4C65-88F6-D71775CACE4F}
		{8E0A389A-10B3-4536-82AF-6CD27B2394A0} = {A129DDBD-9CC0-4FB2-A534-EDC20359EA03}
	EndGlobalSection
	GlobalSection(ExtensibilityGlobals) = postSolution
		SolutionGuid = {7D1FEEB1-4296-4DB4-A65C-EF27F4A6448D}
	EndGlobalSection
EndGlobal
